// !$*UTF8*$!
{
	archiveVersion = 1;
	classes = {
	};
	objectVersion = 56;
	objects = {

/* Begin PBXBuildFile section */
		3A147B332A84EA130078050A /* WeekdayVisiblityViewModel.swift in Sources */ = {isa = PBXBuildFile; fileRef = 3A147B322A84EA130078050A /* WeekdayVisiblityViewModel.swift */; };
		3A22029A2A5AB7DA009DB223 /* AppDelegate.swift in Sources */ = {isa = PBXBuildFile; fileRef = 3A2202992A5AB7DA009DB223 /* AppDelegate.swift */; };
		3A22029C2A5AB7DA009DB223 /* SceneDelegate.swift in Sources */ = {isa = PBXBuildFile; fileRef = 3A22029B2A5AB7DA009DB223 /* SceneDelegate.swift */; };
		3A22029E2A5AB7DA009DB223 /* ViewController.swift in Sources */ = {isa = PBXBuildFile; fileRef = 3A22029D2A5AB7DA009DB223 /* ViewController.swift */; };
		3A2202A42A5AB7DA009DB223 /* Att.xcdatamodeld in Sources */ = {isa = PBXBuildFile; fileRef = 3A2202A22A5AB7DA009DB223 /* Att.xcdatamodeld */; };
		3A2202A62A5AB7DB009DB223 /* Assets.xcassets in Resources */ = {isa = PBXBuildFile; fileRef = 3A2202A52A5AB7DB009DB223 /* Assets.xcassets */; };
		3A2202A92A5AB7DB009DB223 /* LaunchScreen.storyboard in Resources */ = {isa = PBXBuildFile; fileRef = 3A2202A72A5AB7DB009DB223 /* LaunchScreen.storyboard */; };
		3A34410B2AB9AD3E009B554A /* MusadoraKit in Frameworks */ = {isa = PBXBuildFile; productRef = 3A34410A2AB9AD3E009B554A /* MusadoraKit */; };
		3A34410E2AB9ADC7009B554A /* MusicManager.swift in Sources */ = {isa = PBXBuildFile; fileRef = 3A34410D2AB9ADC7009B554A /* MusicManager.swift */; };
		3A3441112AB9B365009B554A /* MusicSearchViewController.swift in Sources */ = {isa = PBXBuildFile; fileRef = 3A3441102AB9B365009B554A /* MusicSearchViewController.swift */; };
		3A3441132AB9B3AF009B554A /* MusicSearchResultViewController.swift in Sources */ = {isa = PBXBuildFile; fileRef = 3A3441122AB9B3AF009B554A /* MusicSearchResultViewController.swift */; };
		3A3441152AB9B3CC009B554A /* MusicInfoTableViewCell.swift in Sources */ = {isa = PBXBuildFile; fileRef = 3A3441142AB9B3CC009B554A /* MusicInfoTableViewCell.swift */; };
		3A3441182AB9B3FE009B554A /* MusicAuthorizationManager.swift in Sources */ = {isa = PBXBuildFile; fileRef = 3A3441172AB9B3FE009B554A /* MusicAuthorizationManager.swift */; };
		3A34411A2AB9B5FE009B554A /* RecordCreationViewModel.swift in Sources */ = {isa = PBXBuildFile; fileRef = 3A3441192AB9B5FE009B554A /* RecordCreationViewModel.swift */; };
		3A3441232AB9BD74009B554A /* DailyRecord+CoreDataClass.swift in Sources */ = {isa = PBXBuildFile; fileRef = 3A3441212AB9BD74009B554A /* DailyRecord+CoreDataClass.swift */; };
		3A3441242AB9BD74009B554A /* DailyRecord+CoreDataProperties.swift in Sources */ = {isa = PBXBuildFile; fileRef = 3A3441222AB9BD74009B554A /* DailyRecord+CoreDataProperties.swift */; };
		3A5D0BE02A61542800064DCB /* Constraints.swift in Sources */ = {isa = PBXBuildFile; fileRef = 3A5D0BDF2A61542800064DCB /* Constraints.swift */; };
		3A5D0BE22A61553100064DCB /* TestViewModel.swift in Sources */ = {isa = PBXBuildFile; fileRef = 3A5D0BE12A61553100064DCB /* TestViewModel.swift */; };
		3A5D0BE42A62B9AF00064DCB /* UIFont+.swift in Sources */ = {isa = PBXBuildFile; fileRef = 3A5D0BE32A62B9AF00064DCB /* UIFont+.swift */; };
		3A5D0BE62A62B9B800064DCB /* UIColor+.swift in Sources */ = {isa = PBXBuildFile; fileRef = 3A5D0BE52A62B9B800064DCB /* UIColor+.swift */; };
		3A8D8B412ABB0E8200D7A61A /* UIViewController+.swift in Sources */ = {isa = PBXBuildFile; fileRef = 3A8D8B402ABB0E8200D7A61A /* UIViewController+.swift */; };
		3A8D8B432ABB17F300D7A61A /* UIView+.swift in Sources */ = {isa = PBXBuildFile; fileRef = 3A8D8B422ABB17F300D7A61A /* UIView+.swift */; };
		3A8E64C82A6526E3006E1E1E /* Pretendard-Regular.otf in Resources */ = {isa = PBXBuildFile; fileRef = 3A8E64C72A6526E3006E1E1E /* Pretendard-Regular.otf */; };
		3A8E64CA2A6527BD006E1E1E /* WixMadeforDisplay-Bold.ttf in Resources */ = {isa = PBXBuildFile; fileRef = 3A8E64C92A6527BD006E1E1E /* WixMadeforDisplay-Bold.ttf */; };
		3A9321DE2A8C9A0D00C106DF /* ComponentsSet.swift in Sources */ = {isa = PBXBuildFile; fileRef = 3A9321DD2A8C9A0D00C106DF /* ComponentsSet.swift */; };
		3A9321E02A8C9C5000C106DF /* WeekdayCollectionViewFlowLayout.swift in Sources */ = {isa = PBXBuildFile; fileRef = 3A9321DF2A8C9C5000C106DF /* WeekdayCollectionViewFlowLayout.swift */; };
		3A9321E32A8CA0BB00C106DF /* ATTSegmentedControl.swift in Sources */ = {isa = PBXBuildFile; fileRef = 3A9321E22A8CA0BB00C106DF /* ATTSegmentedControl.swift */; };
		3A93221C2AA5D82900C106DF /* AnalysisDefaultView.swift in Sources */ = {isa = PBXBuildFile; fileRef = 3A93221B2AA5D82900C106DF /* AnalysisDefaultView.swift */; };
		3A93221E2AA5DAD300C106DF /* TextContentView.swift in Sources */ = {isa = PBXBuildFile; fileRef = 3A93221D2AA5DAD300C106DF /* TextContentView.swift */; };
		3A9322202AA5DCDB00C106DF /* MusicContentView.swift in Sources */ = {isa = PBXBuildFile; fileRef = 3A93221F2AA5DCDB00C106DF /* MusicContentView.swift */; };
		3A9322242AA5E69500C106DF /* MonthlyAnalysisViewController.swift in Sources */ = {isa = PBXBuildFile; fileRef = 3A9322232AA5E69500C106DF /* MonthlyAnalysisViewController.swift */; };
		3A9322262AA5F14C00C106DF /* MonthlyMoodContentView.swift in Sources */ = {isa = PBXBuildFile; fileRef = 3A9322252AA5F14C00C106DF /* MonthlyMoodContentView.swift */; };
		3A9322282AA5F16900C106DF /* MoodSummaryContentView.swift in Sources */ = {isa = PBXBuildFile; fileRef = 3A9322272AA5F16900C106DF /* MoodSummaryContentView.swift */; };
		3A93222A2AA5F5F600C106DF /* MostUsedWordContentView.swift in Sources */ = {isa = PBXBuildFile; fileRef = 3A9322292AA5F5F600C106DF /* MostUsedWordContentView.swift */; };
		3A93222E2AA60BA900C106DF /* MonthlyMoodCollectionViewFlowLayout.swift in Sources */ = {isa = PBXBuildFile; fileRef = 3A93222D2AA60BA900C106DF /* MonthlyMoodCollectionViewFlowLayout.swift */; };
		3A9322302AA60DCB00C106DF /* MonthlyMoodCollectionViewCell.swift in Sources */ = {isa = PBXBuildFile; fileRef = 3A93222F2AA60DCB00C106DF /* MonthlyMoodCollectionViewCell.swift */; };
		3A9322342AA7072C00C106DF /* AnalysisListViewController.swift in Sources */ = {isa = PBXBuildFile; fileRef = 3A9322332AA7072C00C106DF /* AnalysisListViewController.swift */; };
		3A9322362AA707EA00C106DF /* MonthCollectionViewFlowLayout.swift in Sources */ = {isa = PBXBuildFile; fileRef = 3A9322352AA707EA00C106DF /* MonthCollectionViewFlowLayout.swift */; };
		3A9322382AA70ACA00C106DF /* MonthCollectionViewCell.swift in Sources */ = {isa = PBXBuildFile; fileRef = 3A9322372AA70ACA00C106DF /* MonthCollectionViewCell.swift */; };
		3A93223C2AA70DD700C106DF /* MonthListView.swift in Sources */ = {isa = PBXBuildFile; fileRef = 3A93223B2AA70DD700C106DF /* MonthListView.swift */; };
		3A9322402AA70F5A00C106DF /* AnnualAnalysisView.swift in Sources */ = {isa = PBXBuildFile; fileRef = 3A93223F2AA70F5A00C106DF /* AnnualAnalysisView.swift */; };
		3A9322432AA73C4300C106DF /* MainPageViewController.swift in Sources */ = {isa = PBXBuildFile; fileRef = 3A9322422AA73C4300C106DF /* MainPageViewController.swift */; };
		3A9322482AA7532900C106DF /* YearSelectorView.swift in Sources */ = {isa = PBXBuildFile; fileRef = 3A9322472AA7532900C106DF /* YearSelectorView.swift */; };
		3A93224C2AA8794100C106DF /* DailyRecordViewModel.swift in Sources */ = {isa = PBXBuildFile; fileRef = 3A93224B2AA8794100C106DF /* DailyRecordViewModel.swift */; };
		3A985A672AB47D5F003FBD3A /* CoreDataManager.swift in Sources */ = {isa = PBXBuildFile; fileRef = 3A985A662AB47D5F003FBD3A /* CoreDataManager.swift */; };
		3A985A7C2AB5A6DB003FBD3A /* DateRelation.swift in Sources */ = {isa = PBXBuildFile; fileRef = 3A985A7B2AB5A6DB003FBD3A /* DateRelation.swift */; };
		3A985A7E2AB5A808003FBD3A /* UIImage+.swift in Sources */ = {isa = PBXBuildFile; fileRef = 3A985A7D2AB5A808003FBD3A /* UIImage+.swift */; };
		3AC996742A5AE22700030AAD /* CombineCocoa in Frameworks */ = {isa = PBXBuildFile; productRef = 3AC996732A5AE22700030AAD /* CombineCocoa */; };
		3AC996772A5AE23500030AAD /* SnapKit in Frameworks */ = {isa = PBXBuildFile; productRef = 3AC996762A5AE23500030AAD /* SnapKit */; };
		3AE2D73C2AA9E88700052A0B /* CalendarViewController.swift in Sources */ = {isa = PBXBuildFile; fileRef = 3AE2D73B2AA9E88700052A0B /* CalendarViewController.swift */; };
		3AE2D7442AAEA94300052A0B /* RecordBrowseViewController.swift in Sources */ = {isa = PBXBuildFile; fileRef = 3AE2D7432AAEA94300052A0B /* RecordBrowseViewController.swift */; };
		3AE2D7462AAEAB1900052A0B /* RecordBrowseOuterTitleDefaultView.swift in Sources */ = {isa = PBXBuildFile; fileRef = 3AE2D7452AAEAB1900052A0B /* RecordBrowseOuterTitleDefaultView.swift */; };
		3AE2D7482AAEABDF00052A0B /* TodaysMoodView.swift in Sources */ = {isa = PBXBuildFile; fileRef = 3AE2D7472AAEABDF00052A0B /* TodaysMoodView.swift */; };
		3AE2D74A2AAEADE800052A0B /* NowPlayingView.swift in Sources */ = {isa = PBXBuildFile; fileRef = 3AE2D7492AAEADE800052A0B /* NowPlayingView.swift */; };
		3AE2D74C2AAEB20800052A0B /* RecordBrowseInnerTitleDefaultView.swift in Sources */ = {isa = PBXBuildFile; fileRef = 3AE2D74B2AAEB20800052A0B /* RecordBrowseInnerTitleDefaultView.swift */; };
		3AE2D74E2AAEB3A400052A0B /* TicketDecorationView.swift in Sources */ = {isa = PBXBuildFile; fileRef = 3AE2D74D2AAEB3A400052A0B /* TicketDecorationView.swift */; };
		3AE2D7502AAEB45500052A0B /* FromYesterdayView.swift in Sources */ = {isa = PBXBuildFile; fileRef = 3AE2D74F2AAEB45500052A0B /* FromYesterdayView.swift */; };
		3AE2D7522AAEB5CA00052A0B /* DiaryView.swift in Sources */ = {isa = PBXBuildFile; fileRef = 3AE2D7512AAEB5CA00052A0B /* DiaryView.swift */; };
		3AE2D7542AAEB7B800052A0B /* ToTomorrowView.swift in Sources */ = {isa = PBXBuildFile; fileRef = 3AE2D7532AAEB7B800052A0B /* ToTomorrowView.swift */; };
		3AE2D7562AAEE2EA00052A0B /* DottedLineView.swift in Sources */ = {isa = PBXBuildFile; fileRef = 3AE2D7552AAEE2EA00052A0B /* DottedLineView.swift */; };
		3AE2D7582AAF55CD00052A0B /* Mood.swift in Sources */ = {isa = PBXBuildFile; fileRef = 3AE2D7572AAF55CD00052A0B /* Mood.swift */; };
		3AE2D75A2AAF588300052A0B /* MusicInfo.swift in Sources */ = {isa = PBXBuildFile; fileRef = 3AE2D7592AAF588300052A0B /* MusicInfo.swift */; };
		3AE2D75C2AAF590500052A0B /* DailyRecord.swift in Sources */ = {isa = PBXBuildFile; fileRef = 3AE2D75B2AAF590500052A0B /* DailyRecord.swift */; };
		3AECF7552A65225D0086C5F2 /* .swiftlint.yml in Resources */ = {isa = PBXBuildFile; fileRef = 3AECF7542A65225D0086C5F2 /* .swiftlint.yml */; };
		3AF9C0562A7CE3F500A5A036 /* RecordExistCardView.swift in Sources */ = {isa = PBXBuildFile; fileRef = 3AF9C0552A7CE3F500A5A036 /* RecordExistCardView.swift */; };
		3AF9C0582A7CE5F500A5A036 /* TitleDescriptionView.swift in Sources */ = {isa = PBXBuildFile; fileRef = 3AF9C0572A7CE5F500A5A036 /* TitleDescriptionView.swift */; };
		3AF9C05C2A7CEBCC00A5A036 /* ATTCardInfoView.swift in Sources */ = {isa = PBXBuildFile; fileRef = 3AF9C05B2A7CEBCC00A5A036 /* ATTCardInfoView.swift */; };
		3AF9C0612A7CF09200A5A036 /* RecordViewController.swift in Sources */ = {isa = PBXBuildFile; fileRef = 3AF9C0602A7CF09200A5A036 /* RecordViewController.swift */; };
		3AF9C0632A7CF74500A5A036 /* Date+.swift in Sources */ = {isa = PBXBuildFile; fileRef = 3AF9C0622A7CF74500A5A036 /* Date+.swift */; };
		3AF9C0652A7CFA9100A5A036 /* ATTWeekdayCollectionViewCell.swift in Sources */ = {isa = PBXBuildFile; fileRef = 3AF9C0642A7CFA9100A5A036 /* ATTWeekdayCollectionViewCell.swift */; };
		3AF9C0672A7CFDBC00A5A036 /* CardInfoType.swift in Sources */ = {isa = PBXBuildFile; fileRef = 3AF9C0662A7CFDBC00A5A036 /* CardInfoType.swift */; };
		3AF9C0692A7CFE4300A5A036 /* ATTFromYesterdayView.swift in Sources */ = {isa = PBXBuildFile; fileRef = 3AF9C0682A7CFE4300A5A036 /* ATTFromYesterdayView.swift */; };
		3AF9C06C2A7D0B0000A5A036 /* RecordStatus.swift in Sources */ = {isa = PBXBuildFile; fileRef = 3AF9C06B2A7D0B0000A5A036 /* RecordStatus.swift */; };
		3AF9C06F2A7D0BB900A5A036 /* RecordNonExistCardView.swift in Sources */ = {isa = PBXBuildFile; fileRef = 3AF9C06E2A7D0BB900A5A036 /* RecordNonExistCardView.swift */; };
		3AF9C0712A7D0FD900A5A036 /* ATTCardView.swift in Sources */ = {isa = PBXBuildFile; fileRef = 3AF9C0702A7D0FD900A5A036 /* ATTCardView.swift */; };
		3AF9C0732A7D3F2B00A5A036 /* RecordCardCollectionViewCell.swift in Sources */ = {isa = PBXBuildFile; fileRef = 3AF9C0722A7D3F2B00A5A036 /* RecordCardCollectionViewCell.swift */; };
		3AF9C0752A7E7C8F00A5A036 /* CardCollectionViewFlowLayout.swift in Sources */ = {isa = PBXBuildFile; fileRef = 3AF9C0742A7E7C8F00A5A036 /* CardCollectionViewFlowLayout.swift */; };
		3F6984B52AB5AAC900E0892D /* CircularSliderHandle.swift in Sources */ = {isa = PBXBuildFile; fileRef = 3F6984B42AB5AAC900E0892D /* CircularSliderHandle.swift */; };
		3F6984B92AB7631800E0892D /* CircularTrig.swift in Sources */ = {isa = PBXBuildFile; fileRef = 3F6984B82AB7631800E0892D /* CircularTrig.swift */; };
		3F6984BB2AB7634B00E0892D /* GradientCircularSlider.swift in Sources */ = {isa = PBXBuildFile; fileRef = 3F6984BA2AB7634B00E0892D /* GradientCircularSlider.swift */; };
		3F6984BF2AB79A7100E0892D /* AddRecordFinishViewController.swift in Sources */ = {isa = PBXBuildFile; fileRef = 3F6984BE2AB79A7100E0892D /* AddRecordFinishViewController.swift */; };
		3F75EF902AAB38DB00E9FEEB /* AddRecordsViewController.swift in Sources */ = {isa = PBXBuildFile; fileRef = 3F75EF8F2AAB38DB00E9FEEB /* AddRecordsViewController.swift */; };
		3F75EF922AAB391600E9FEEB /* AddWordsViewController.swift in Sources */ = {isa = PBXBuildFile; fileRef = 3F75EF912AAB391600E9FEEB /* AddWordsViewController.swift */; };
		3F75EF952AAB39CE00E9FEEB /* AddColorViewController.swift in Sources */ = {isa = PBXBuildFile; fileRef = 3F75EF942AAB39CE00E9FEEB /* AddColorViewController.swift */; };
		3F75EF972AAB39EC00E9FEEB /* AddRhythmViewController.swift in Sources */ = {isa = PBXBuildFile; fileRef = 3F75EF962AAB39EC00E9FEEB /* AddRhythmViewController.swift */; };
		3F75EF992AAB3A1200E9FEEB /* NextButton.swift in Sources */ = {isa = PBXBuildFile; fileRef = 3F75EF982AAB3A1200E9FEEB /* NextButton.swift */; };
		3F75EF9B2AAB3A3E00E9FEEB /* AddRecordTextView.swift in Sources */ = {isa = PBXBuildFile; fileRef = 3F75EF9A2AAB3A3E00E9FEEB /* AddRecordTextView.swift */; };
		3F95401E2AAF11E500FE75E7 /* CircularSlider.swift in Sources */ = {isa = PBXBuildFile; fileRef = 3F95401D2AAF11E500FE75E7 /* CircularSlider.swift */; };
/* End PBXBuildFile section */

/* Begin PBXFileReference section */
		3A147B322A84EA130078050A /* WeekdayVisiblityViewModel.swift */ = {isa = PBXFileReference; lastKnownFileType = sourcecode.swift; path = WeekdayVisiblityViewModel.swift; sourceTree = "<group>"; };
		3A2202962A5AB7DA009DB223 /* Att.app */ = {isa = PBXFileReference; explicitFileType = wrapper.application; includeInIndex = 0; path = Att.app; sourceTree = BUILT_PRODUCTS_DIR; };
		3A2202992A5AB7DA009DB223 /* AppDelegate.swift */ = {isa = PBXFileReference; lastKnownFileType = sourcecode.swift; path = AppDelegate.swift; sourceTree = "<group>"; };
		3A22029B2A5AB7DA009DB223 /* SceneDelegate.swift */ = {isa = PBXFileReference; lastKnownFileType = sourcecode.swift; path = SceneDelegate.swift; sourceTree = "<group>"; };
		3A22029D2A5AB7DA009DB223 /* ViewController.swift */ = {isa = PBXFileReference; lastKnownFileType = sourcecode.swift; path = ViewController.swift; sourceTree = "<group>"; };
		3A2202A32A5AB7DA009DB223 /* Att.xcdatamodel */ = {isa = PBXFileReference; lastKnownFileType = wrapper.xcdatamodel; path = Att.xcdatamodel; sourceTree = "<group>"; };
		3A2202A52A5AB7DB009DB223 /* Assets.xcassets */ = {isa = PBXFileReference; lastKnownFileType = folder.assetcatalog; path = Assets.xcassets; sourceTree = "<group>"; };
		3A2202A82A5AB7DB009DB223 /* Base */ = {isa = PBXFileReference; lastKnownFileType = file.storyboard; name = Base; path = Base.lproj/LaunchScreen.storyboard; sourceTree = "<group>"; };
		3A2202AA2A5AB7DB009DB223 /* Info.plist */ = {isa = PBXFileReference; lastKnownFileType = text.plist.xml; path = Info.plist; sourceTree = "<group>"; };
		3A34410D2AB9ADC7009B554A /* MusicManager.swift */ = {isa = PBXFileReference; lastKnownFileType = sourcecode.swift; path = MusicManager.swift; sourceTree = "<group>"; };
		3A3441102AB9B365009B554A /* MusicSearchViewController.swift */ = {isa = PBXFileReference; lastKnownFileType = sourcecode.swift; path = MusicSearchViewController.swift; sourceTree = "<group>"; };
		3A3441122AB9B3AF009B554A /* MusicSearchResultViewController.swift */ = {isa = PBXFileReference; lastKnownFileType = sourcecode.swift; path = MusicSearchResultViewController.swift; sourceTree = "<group>"; };
		3A3441142AB9B3CC009B554A /* MusicInfoTableViewCell.swift */ = {isa = PBXFileReference; lastKnownFileType = sourcecode.swift; path = MusicInfoTableViewCell.swift; sourceTree = "<group>"; };
		3A3441172AB9B3FE009B554A /* MusicAuthorizationManager.swift */ = {isa = PBXFileReference; lastKnownFileType = sourcecode.swift; path = MusicAuthorizationManager.swift; sourceTree = "<group>"; };
		3A3441192AB9B5FE009B554A /* RecordCreationViewModel.swift */ = {isa = PBXFileReference; lastKnownFileType = sourcecode.swift; path = RecordCreationViewModel.swift; sourceTree = "<group>"; };
		3A3441212AB9BD74009B554A /* DailyRecord+CoreDataClass.swift */ = {isa = PBXFileReference; lastKnownFileType = sourcecode.swift; path = "DailyRecord+CoreDataClass.swift"; sourceTree = "<group>"; };
		3A3441222AB9BD74009B554A /* DailyRecord+CoreDataProperties.swift */ = {isa = PBXFileReference; lastKnownFileType = sourcecode.swift; path = "DailyRecord+CoreDataProperties.swift"; sourceTree = "<group>"; };
		3A5D0BDF2A61542800064DCB /* Constraints.swift */ = {isa = PBXFileReference; lastKnownFileType = sourcecode.swift; path = Constraints.swift; sourceTree = "<group>"; };
		3A5D0BE12A61553100064DCB /* TestViewModel.swift */ = {isa = PBXFileReference; lastKnownFileType = sourcecode.swift; path = TestViewModel.swift; sourceTree = "<group>"; };
		3A5D0BE32A62B9AF00064DCB /* UIFont+.swift */ = {isa = PBXFileReference; lastKnownFileType = sourcecode.swift; path = "UIFont+.swift"; sourceTree = "<group>"; };
		3A5D0BE52A62B9B800064DCB /* UIColor+.swift */ = {isa = PBXFileReference; lastKnownFileType = sourcecode.swift; path = "UIColor+.swift"; sourceTree = "<group>"; };
		3A8D8B402ABB0E8200D7A61A /* UIViewController+.swift */ = {isa = PBXFileReference; lastKnownFileType = sourcecode.swift; path = "UIViewController+.swift"; sourceTree = "<group>"; };
		3A8D8B422ABB17F300D7A61A /* UIView+.swift */ = {isa = PBXFileReference; lastKnownFileType = sourcecode.swift; path = "UIView+.swift"; sourceTree = "<group>"; };
		3A8E64C72A6526E3006E1E1E /* Pretendard-Regular.otf */ = {isa = PBXFileReference; lastKnownFileType = file; path = "Pretendard-Regular.otf"; sourceTree = "<group>"; };
		3A8E64C92A6527BD006E1E1E /* WixMadeforDisplay-Bold.ttf */ = {isa = PBXFileReference; lastKnownFileType = file; path = "WixMadeforDisplay-Bold.ttf"; sourceTree = "<group>"; };
		3A9321DD2A8C9A0D00C106DF /* ComponentsSet.swift */ = {isa = PBXFileReference; lastKnownFileType = sourcecode.swift; path = ComponentsSet.swift; sourceTree = "<group>"; };
		3A9321DF2A8C9C5000C106DF /* WeekdayCollectionViewFlowLayout.swift */ = {isa = PBXFileReference; lastKnownFileType = sourcecode.swift; path = WeekdayCollectionViewFlowLayout.swift; sourceTree = "<group>"; };
		3A9321E22A8CA0BB00C106DF /* ATTSegmentedControl.swift */ = {isa = PBXFileReference; lastKnownFileType = sourcecode.swift; path = ATTSegmentedControl.swift; sourceTree = "<group>"; };
		3A93221B2AA5D82900C106DF /* AnalysisDefaultView.swift */ = {isa = PBXFileReference; lastKnownFileType = sourcecode.swift; path = AnalysisDefaultView.swift; sourceTree = "<group>"; };
		3A93221D2AA5DAD300C106DF /* TextContentView.swift */ = {isa = PBXFileReference; lastKnownFileType = sourcecode.swift; path = TextContentView.swift; sourceTree = "<group>"; };
		3A93221F2AA5DCDB00C106DF /* MusicContentView.swift */ = {isa = PBXFileReference; lastKnownFileType = sourcecode.swift; path = MusicContentView.swift; sourceTree = "<group>"; };
		3A9322232AA5E69500C106DF /* MonthlyAnalysisViewController.swift */ = {isa = PBXFileReference; lastKnownFileType = sourcecode.swift; path = MonthlyAnalysisViewController.swift; sourceTree = "<group>"; };
		3A9322252AA5F14C00C106DF /* MonthlyMoodContentView.swift */ = {isa = PBXFileReference; lastKnownFileType = sourcecode.swift; path = MonthlyMoodContentView.swift; sourceTree = "<group>"; };
		3A9322272AA5F16900C106DF /* MoodSummaryContentView.swift */ = {isa = PBXFileReference; lastKnownFileType = sourcecode.swift; path = MoodSummaryContentView.swift; sourceTree = "<group>"; };
		3A9322292AA5F5F600C106DF /* MostUsedWordContentView.swift */ = {isa = PBXFileReference; lastKnownFileType = sourcecode.swift; path = MostUsedWordContentView.swift; sourceTree = "<group>"; };
		3A93222D2AA60BA900C106DF /* MonthlyMoodCollectionViewFlowLayout.swift */ = {isa = PBXFileReference; lastKnownFileType = sourcecode.swift; path = MonthlyMoodCollectionViewFlowLayout.swift; sourceTree = "<group>"; };
		3A93222F2AA60DCB00C106DF /* MonthlyMoodCollectionViewCell.swift */ = {isa = PBXFileReference; lastKnownFileType = sourcecode.swift; path = MonthlyMoodCollectionViewCell.swift; sourceTree = "<group>"; };
		3A9322332AA7072C00C106DF /* AnalysisListViewController.swift */ = {isa = PBXFileReference; lastKnownFileType = sourcecode.swift; path = AnalysisListViewController.swift; sourceTree = "<group>"; };
		3A9322352AA707EA00C106DF /* MonthCollectionViewFlowLayout.swift */ = {isa = PBXFileReference; lastKnownFileType = sourcecode.swift; path = MonthCollectionViewFlowLayout.swift; sourceTree = "<group>"; };
		3A9322372AA70ACA00C106DF /* MonthCollectionViewCell.swift */ = {isa = PBXFileReference; lastKnownFileType = sourcecode.swift; path = MonthCollectionViewCell.swift; sourceTree = "<group>"; };
		3A93223B2AA70DD700C106DF /* MonthListView.swift */ = {isa = PBXFileReference; lastKnownFileType = sourcecode.swift; path = MonthListView.swift; sourceTree = "<group>"; };
		3A93223F2AA70F5A00C106DF /* AnnualAnalysisView.swift */ = {isa = PBXFileReference; lastKnownFileType = sourcecode.swift; path = AnnualAnalysisView.swift; sourceTree = "<group>"; };
		3A9322422AA73C4300C106DF /* MainPageViewController.swift */ = {isa = PBXFileReference; lastKnownFileType = sourcecode.swift; path = MainPageViewController.swift; sourceTree = "<group>"; };
		3A9322472AA7532900C106DF /* YearSelectorView.swift */ = {isa = PBXFileReference; lastKnownFileType = sourcecode.swift; path = YearSelectorView.swift; sourceTree = "<group>"; };
		3A93224B2AA8794100C106DF /* DailyRecordViewModel.swift */ = {isa = PBXFileReference; lastKnownFileType = sourcecode.swift; path = DailyRecordViewModel.swift; sourceTree = "<group>"; };
		3A985A662AB47D5F003FBD3A /* CoreDataManager.swift */ = {isa = PBXFileReference; lastKnownFileType = sourcecode.swift; path = CoreDataManager.swift; sourceTree = "<group>"; };
		3A985A7B2AB5A6DB003FBD3A /* DateRelation.swift */ = {isa = PBXFileReference; lastKnownFileType = sourcecode.swift; path = DateRelation.swift; sourceTree = "<group>"; };
		3A985A7D2AB5A808003FBD3A /* UIImage+.swift */ = {isa = PBXFileReference; lastKnownFileType = sourcecode.swift; path = "UIImage+.swift"; sourceTree = "<group>"; };
		3AE2D73B2AA9E88700052A0B /* CalendarViewController.swift */ = {isa = PBXFileReference; lastKnownFileType = sourcecode.swift; path = CalendarViewController.swift; sourceTree = "<group>"; };
		3AE2D7432AAEA94300052A0B /* RecordBrowseViewController.swift */ = {isa = PBXFileReference; lastKnownFileType = sourcecode.swift; path = RecordBrowseViewController.swift; sourceTree = "<group>"; };
		3AE2D7452AAEAB1900052A0B /* RecordBrowseOuterTitleDefaultView.swift */ = {isa = PBXFileReference; lastKnownFileType = sourcecode.swift; path = RecordBrowseOuterTitleDefaultView.swift; sourceTree = "<group>"; };
		3AE2D7472AAEABDF00052A0B /* TodaysMoodView.swift */ = {isa = PBXFileReference; lastKnownFileType = sourcecode.swift; path = TodaysMoodView.swift; sourceTree = "<group>"; };
		3AE2D7492AAEADE800052A0B /* NowPlayingView.swift */ = {isa = PBXFileReference; lastKnownFileType = sourcecode.swift; path = NowPlayingView.swift; sourceTree = "<group>"; };
		3AE2D74B2AAEB20800052A0B /* RecordBrowseInnerTitleDefaultView.swift */ = {isa = PBXFileReference; lastKnownFileType = sourcecode.swift; path = RecordBrowseInnerTitleDefaultView.swift; sourceTree = "<group>"; };
		3AE2D74D2AAEB3A400052A0B /* TicketDecorationView.swift */ = {isa = PBXFileReference; lastKnownFileType = sourcecode.swift; path = TicketDecorationView.swift; sourceTree = "<group>"; };
		3AE2D74F2AAEB45500052A0B /* FromYesterdayView.swift */ = {isa = PBXFileReference; lastKnownFileType = sourcecode.swift; path = FromYesterdayView.swift; sourceTree = "<group>"; };
		3AE2D7512AAEB5CA00052A0B /* DiaryView.swift */ = {isa = PBXFileReference; lastKnownFileType = sourcecode.swift; path = DiaryView.swift; sourceTree = "<group>"; };
		3AE2D7532AAEB7B800052A0B /* ToTomorrowView.swift */ = {isa = PBXFileReference; lastKnownFileType = sourcecode.swift; path = ToTomorrowView.swift; sourceTree = "<group>"; };
		3AE2D7552AAEE2EA00052A0B /* DottedLineView.swift */ = {isa = PBXFileReference; lastKnownFileType = sourcecode.swift; path = DottedLineView.swift; sourceTree = "<group>"; };
		3AE2D7572AAF55CD00052A0B /* Mood.swift */ = {isa = PBXFileReference; lastKnownFileType = sourcecode.swift; path = Mood.swift; sourceTree = "<group>"; };
		3AE2D7592AAF588300052A0B /* MusicInfo.swift */ = {isa = PBXFileReference; lastKnownFileType = sourcecode.swift; path = MusicInfo.swift; sourceTree = "<group>"; };
		3AE2D75B2AAF590500052A0B /* DailyRecord.swift */ = {isa = PBXFileReference; lastKnownFileType = sourcecode.swift; path = DailyRecord.swift; sourceTree = "<group>"; };
		3AECF7542A65225D0086C5F2 /* .swiftlint.yml */ = {isa = PBXFileReference; lastKnownFileType = text.yaml; path = .swiftlint.yml; sourceTree = "<group>"; };
		3AF9C0552A7CE3F500A5A036 /* RecordExistCardView.swift */ = {isa = PBXFileReference; lastKnownFileType = sourcecode.swift; path = RecordExistCardView.swift; sourceTree = "<group>"; };
		3AF9C0572A7CE5F500A5A036 /* TitleDescriptionView.swift */ = {isa = PBXFileReference; lastKnownFileType = sourcecode.swift; path = TitleDescriptionView.swift; sourceTree = "<group>"; };
		3AF9C05B2A7CEBCC00A5A036 /* ATTCardInfoView.swift */ = {isa = PBXFileReference; lastKnownFileType = sourcecode.swift; path = ATTCardInfoView.swift; sourceTree = "<group>"; };
		3AF9C0602A7CF09200A5A036 /* RecordViewController.swift */ = {isa = PBXFileReference; lastKnownFileType = sourcecode.swift; path = RecordViewController.swift; sourceTree = "<group>"; };
		3AF9C0622A7CF74500A5A036 /* Date+.swift */ = {isa = PBXFileReference; lastKnownFileType = sourcecode.swift; path = "Date+.swift"; sourceTree = "<group>"; };
		3AF9C0642A7CFA9100A5A036 /* ATTWeekdayCollectionViewCell.swift */ = {isa = PBXFileReference; lastKnownFileType = sourcecode.swift; path = ATTWeekdayCollectionViewCell.swift; sourceTree = "<group>"; };
		3AF9C0662A7CFDBC00A5A036 /* CardInfoType.swift */ = {isa = PBXFileReference; lastKnownFileType = sourcecode.swift; path = CardInfoType.swift; sourceTree = "<group>"; };
		3AF9C0682A7CFE4300A5A036 /* ATTFromYesterdayView.swift */ = {isa = PBXFileReference; lastKnownFileType = sourcecode.swift; path = ATTFromYesterdayView.swift; sourceTree = "<group>"; };
		3AF9C06B2A7D0B0000A5A036 /* RecordStatus.swift */ = {isa = PBXFileReference; lastKnownFileType = sourcecode.swift; path = RecordStatus.swift; sourceTree = "<group>"; };
		3AF9C06E2A7D0BB900A5A036 /* RecordNonExistCardView.swift */ = {isa = PBXFileReference; lastKnownFileType = sourcecode.swift; path = RecordNonExistCardView.swift; sourceTree = "<group>"; };
		3AF9C0702A7D0FD900A5A036 /* ATTCardView.swift */ = {isa = PBXFileReference; lastKnownFileType = sourcecode.swift; path = ATTCardView.swift; sourceTree = "<group>"; };
		3AF9C0722A7D3F2B00A5A036 /* RecordCardCollectionViewCell.swift */ = {isa = PBXFileReference; lastKnownFileType = sourcecode.swift; path = RecordCardCollectionViewCell.swift; sourceTree = "<group>"; };
		3AF9C0742A7E7C8F00A5A036 /* CardCollectionViewFlowLayout.swift */ = {isa = PBXFileReference; lastKnownFileType = sourcecode.swift; path = CardCollectionViewFlowLayout.swift; sourceTree = "<group>"; };
		3F6984B42AB5AAC900E0892D /* CircularSliderHandle.swift */ = {isa = PBXFileReference; lastKnownFileType = sourcecode.swift; path = CircularSliderHandle.swift; sourceTree = "<group>"; };
		3F6984B82AB7631800E0892D /* CircularTrig.swift */ = {isa = PBXFileReference; lastKnownFileType = sourcecode.swift; path = CircularTrig.swift; sourceTree = "<group>"; };
		3F6984BA2AB7634B00E0892D /* GradientCircularSlider.swift */ = {isa = PBXFileReference; lastKnownFileType = sourcecode.swift; path = GradientCircularSlider.swift; sourceTree = "<group>"; };
		3F6984BE2AB79A7100E0892D /* AddRecordFinishViewController.swift */ = {isa = PBXFileReference; lastKnownFileType = sourcecode.swift; path = AddRecordFinishViewController.swift; sourceTree = "<group>"; };
		3F75EF8F2AAB38DB00E9FEEB /* AddRecordsViewController.swift */ = {isa = PBXFileReference; lastKnownFileType = sourcecode.swift; path = AddRecordsViewController.swift; sourceTree = "<group>"; };
		3F75EF912AAB391600E9FEEB /* AddWordsViewController.swift */ = {isa = PBXFileReference; lastKnownFileType = sourcecode.swift; path = AddWordsViewController.swift; sourceTree = "<group>"; };
		3F75EF942AAB39CE00E9FEEB /* AddColorViewController.swift */ = {isa = PBXFileReference; lastKnownFileType = sourcecode.swift; path = AddColorViewController.swift; sourceTree = "<group>"; };
		3F75EF962AAB39EC00E9FEEB /* AddRhythmViewController.swift */ = {isa = PBXFileReference; lastKnownFileType = sourcecode.swift; path = AddRhythmViewController.swift; sourceTree = "<group>"; };
		3F75EF982AAB3A1200E9FEEB /* NextButton.swift */ = {isa = PBXFileReference; lastKnownFileType = sourcecode.swift; path = NextButton.swift; sourceTree = "<group>"; };
		3F75EF9A2AAB3A3E00E9FEEB /* AddRecordTextView.swift */ = {isa = PBXFileReference; lastKnownFileType = sourcecode.swift; path = AddRecordTextView.swift; sourceTree = "<group>"; };
		3F95401D2AAF11E500FE75E7 /* CircularSlider.swift */ = {isa = PBXFileReference; lastKnownFileType = sourcecode.swift; path = CircularSlider.swift; sourceTree = "<group>"; };
/* End PBXFileReference section */

/* Begin PBXFrameworksBuildPhase section */
		3A2202932A5AB7DA009DB223 /* Frameworks */ = {
			isa = PBXFrameworksBuildPhase;
			buildActionMask = 2147483647;
			files = (
				3A34410B2AB9AD3E009B554A /* MusadoraKit in Frameworks */,
				3AC996742A5AE22700030AAD /* CombineCocoa in Frameworks */,
				3AC996772A5AE23500030AAD /* SnapKit in Frameworks */,
			);
			runOnlyForDeploymentPostprocessing = 0;
		};
/* End PBXFrameworksBuildPhase section */

/* Begin PBXGroup section */
		3A22028D2A5AB7DA009DB223 = {
			isa = PBXGroup;
			children = (
				3AECF7542A65225D0086C5F2 /* .swiftlint.yml */,
				3A3441162AB9B3F4009B554A /* Auth */,
				3A2202982A5AB7DA009DB223 /* Att */,
				3A2202972A5AB7DA009DB223 /* Products */,
			);
			sourceTree = "<group>";
		};
		3A2202972A5AB7DA009DB223 /* Products */ = {
			isa = PBXGroup;
			children = (
				3A2202962A5AB7DA009DB223 /* Att.app */,
			);
			name = Products;
			sourceTree = "<group>";
		};
		3A2202982A5AB7DA009DB223 /* Att */ = {
			isa = PBXGroup;
			children = (
				3A701F752A5ABE8C00D6913A /* Application */,
				3A701F762A5ABE9B00D6913A /* Util */,
				3A701F792A5ABEAB00D6913A /* Screens */,
				3A701F7A2A5ABEB300D6913A /* Design */,
				3A701F822A5ABEEC00D6913A /* Data */,
				3A701F812A5ABEDA00D6913A /* Network */,
				3A701F852A5ABF0E00D6913A /* Test */,
				3A2202A52A5AB7DB009DB223 /* Assets.xcassets */,
				3A2202A72A5AB7DB009DB223 /* LaunchScreen.storyboard */,
				3A2202AA2A5AB7DB009DB223 /* Info.plist */,
				3A2202A22A5AB7DA009DB223 /* Att.xcdatamodeld */,
			);
			path = Att;
			sourceTree = "<group>";
		};
		3A34410C2AB9AD9A009B554A /* Manager */ = {
			isa = PBXGroup;
			children = (
				3A985A662AB47D5F003FBD3A /* CoreDataManager.swift */,
				3A34410D2AB9ADC7009B554A /* MusicManager.swift */,
			);
			path = Manager;
			sourceTree = "<group>";
		};
		3A34410F2AB9B289009B554A /* MusicSearch */ = {
			isa = PBXGroup;
			children = (
				3A3441102AB9B365009B554A /* MusicSearchViewController.swift */,
				3A3441122AB9B3AF009B554A /* MusicSearchResultViewController.swift */,
			);
			path = MusicSearch;
			sourceTree = "<group>";
		};
		3A3441162AB9B3F4009B554A /* Auth */ = {
			isa = PBXGroup;
			children = (
				3A3441172AB9B3FE009B554A /* MusicAuthorizationManager.swift */,
			);
			path = Auth;
			sourceTree = "<group>";
		};
		3A4487282AB2EB360035DAAE /* CoreData */ = {
			isa = PBXGroup;
			children = (
				3A3441212AB9BD74009B554A /* DailyRecord+CoreDataClass.swift */,
				3A3441222AB9BD74009B554A /* DailyRecord+CoreDataProperties.swift */,
			);
			path = CoreData;
			sourceTree = "<group>";
		};
		3A701F752A5ABE8C00D6913A /* Application */ = {
			isa = PBXGroup;
			children = (
				3A2202992A5AB7DA009DB223 /* AppDelegate.swift */,
				3A22029B2A5AB7DA009DB223 /* SceneDelegate.swift */,
			);
			path = Application;
			sourceTree = "<group>";
		};
		3A701F762A5ABE9B00D6913A /* Util */ = {
			isa = PBXGroup;
			children = (
				3A701F782A5ABEA400D6913A /* Constants */,
				3A701F772A5ABEA000D6913A /* Extensions */,
			);
			path = Util;
			sourceTree = "<group>";
		};
		3A701F772A5ABEA000D6913A /* Extensions */ = {
			isa = PBXGroup;
			children = (
				3A5D0BE32A62B9AF00064DCB /* UIFont+.swift */,
				3A5D0BE52A62B9B800064DCB /* UIColor+.swift */,
				3AF9C0622A7CF74500A5A036 /* Date+.swift */,
				3A985A7D2AB5A808003FBD3A /* UIImage+.swift */,
				3A8D8B402ABB0E8200D7A61A /* UIViewController+.swift */,
				3A8D8B422ABB17F300D7A61A /* UIView+.swift */,
			);
			path = Extensions;
			sourceTree = "<group>";
		};
		3A701F782A5ABEA400D6913A /* Constants */ = {
			isa = PBXGroup;
			children = (
				3A5D0BDF2A61542800064DCB /* Constraints.swift */,
				3A9321DD2A8C9A0D00C106DF /* ComponentsSet.swift */,
			);
			path = Constants;
			sourceTree = "<group>";
		};
		3A701F792A5ABEAB00D6913A /* Screens */ = {
			isa = PBXGroup;
			children = (
				3A9322462AA74A3000C106DF /* Main */,
				3F75EF8D2AAB389000E9FEEB /* AddRecord */,
				3AE2D73F2AAEA90100052A0B /* RecordBrowse */,
				3AF9C05D2A7CF06F00A5A036 /* Record */,
				3A9322192AA5D7D200C106DF /* Analysis */,
			);
			path = Screens;
			sourceTree = "<group>";
		};
		3A701F7A2A5ABEB300D6913A /* Design */ = {
			isa = PBXGroup;
			children = (
				3A701F7F2A5ABECA00D6913A /* Resources */,
				3A701F7B2A5ABEB800D6913A /* Sources */,
			);
			path = Design;
			sourceTree = "<group>";
		};
		3A701F7B2A5ABEB800D6913A /* Sources */ = {
			isa = PBXGroup;
			children = (
				3A9321E12A8CA0A300C106DF /* Controls */,
				3A701F7E2A5ABEC400D6913A /* Cells */,
				3A701F7D2A5ABEBF00D6913A /* Views */,
				3A701F7C2A5ABEBC00D6913A /* Buttons */,
			);
			path = Sources;
			sourceTree = "<group>";
		};
		3A701F7C2A5ABEBC00D6913A /* Buttons */ = {
			isa = PBXGroup;
			children = (
			);
			path = Buttons;
			sourceTree = "<group>";
		};
		3A701F7D2A5ABEBF00D6913A /* Views */ = {
			isa = PBXGroup;
			children = (
				3AF9C0682A7CFE4300A5A036 /* ATTFromYesterdayView.swift */,
			);
			path = Views;
			sourceTree = "<group>";
		};
		3A701F7E2A5ABEC400D6913A /* Cells */ = {
			isa = PBXGroup;
			children = (
				3AF9C0722A7D3F2B00A5A036 /* RecordCardCollectionViewCell.swift */,
				3AF9C0642A7CFA9100A5A036 /* ATTWeekdayCollectionViewCell.swift */,
				3A93222F2AA60DCB00C106DF /* MonthlyMoodCollectionViewCell.swift */,
				3A9322372AA70ACA00C106DF /* MonthCollectionViewCell.swift */,
				3A3441142AB9B3CC009B554A /* MusicInfoTableViewCell.swift */,
			);
			path = Cells;
			sourceTree = "<group>";
		};
		3A701F7F2A5ABECA00D6913A /* Resources */ = {
			isa = PBXGroup;
			children = (
				3A701F802A5ABECF00D6913A /* Fonts */,
			);
			path = Resources;
			sourceTree = "<group>";
		};
		3A701F802A5ABECF00D6913A /* Fonts */ = {
			isa = PBXGroup;
			children = (
				3A8E64C72A6526E3006E1E1E /* Pretendard-Regular.otf */,
				3A8E64C92A6527BD006E1E1E /* WixMadeforDisplay-Bold.ttf */,
			);
			path = Fonts;
			sourceTree = "<group>";
		};
		3A701F812A5ABEDA00D6913A /* Network */ = {
			isa = PBXGroup;
			children = (
			);
			path = Network;
			sourceTree = "<group>";
		};
		3A701F822A5ABEEC00D6913A /* Data */ = {
			isa = PBXGroup;
			children = (
				3A34410C2AB9AD9A009B554A /* Manager */,
				3A701F842A5ABEF600D6913A /* Entities */,
				3A701F832A5ABEF000D6913A /* Models */,
			);
			path = Data;
			sourceTree = "<group>";
		};
		3A701F832A5ABEF000D6913A /* Models */ = {
			isa = PBXGroup;
			children = (
				3AF9C0662A7CFDBC00A5A036 /* CardInfoType.swift */,
				3AF9C06B2A7D0B0000A5A036 /* RecordStatus.swift */,
				3AE2D7572AAF55CD00052A0B /* Mood.swift */,
				3AE2D7592AAF588300052A0B /* MusicInfo.swift */,
				3AE2D75B2AAF590500052A0B /* DailyRecord.swift */,
				3A985A7B2AB5A6DB003FBD3A /* DateRelation.swift */,
				3A4487282AB2EB360035DAAE /* CoreData */,
			);
			path = Models;
			sourceTree = "<group>";
		};
		3A701F842A5ABEF600D6913A /* Entities */ = {
			isa = PBXGroup;
			children = (
			);
			path = Entities;
			sourceTree = "<group>";
		};
		3A701F852A5ABF0E00D6913A /* Test */ = {
			isa = PBXGroup;
			children = (
				3A22029D2A5AB7DA009DB223 /* ViewController.swift */,
				3A5D0BE12A61553100064DCB /* TestViewModel.swift */,
			);
			path = Test;
			sourceTree = "<group>";
		};
		3A9321E12A8CA0A300C106DF /* Controls */ = {
			isa = PBXGroup;
			children = (
				3A9321E22A8CA0BB00C106DF /* ATTSegmentedControl.swift */,
			);
			path = Controls;
			sourceTree = "<group>";
		};
		3A9322192AA5D7D200C106DF /* Analysis */ = {
			isa = PBXGroup;
			children = (
				3A9322332AA7072C00C106DF /* AnalysisListViewController.swift */,
				3A9322232AA5E69500C106DF /* MonthlyAnalysisViewController.swift */,
				3A93221A2AA5D7ED00C106DF /* Views */,
			);
			path = Analysis;
			sourceTree = "<group>";
		};
		3A93221A2AA5D7ED00C106DF /* Views */ = {
			isa = PBXGroup;
			children = (
				3A93221B2AA5D82900C106DF /* AnalysisDefaultView.swift */,
				3A93221D2AA5DAD300C106DF /* TextContentView.swift */,
				3A9322252AA5F14C00C106DF /* MonthlyMoodContentView.swift */,
				3A9322272AA5F16900C106DF /* MoodSummaryContentView.swift */,
				3A93221F2AA5DCDB00C106DF /* MusicContentView.swift */,
				3A9322292AA5F5F600C106DF /* MostUsedWordContentView.swift */,
				3A93222D2AA60BA900C106DF /* MonthlyMoodCollectionViewFlowLayout.swift */,
				3A9322352AA707EA00C106DF /* MonthCollectionViewFlowLayout.swift */,
				3A93223B2AA70DD700C106DF /* MonthListView.swift */,
				3A93223F2AA70F5A00C106DF /* AnnualAnalysisView.swift */,
				3A9322472AA7532900C106DF /* YearSelectorView.swift */,
			);
			path = Views;
			sourceTree = "<group>";
		};
		3A9322462AA74A3000C106DF /* Main */ = {
			isa = PBXGroup;
			children = (
				3A9322422AA73C4300C106DF /* MainPageViewController.swift */,
			);
			path = Main;
			sourceTree = "<group>";
		};
		3AE2D73F2AAEA90100052A0B /* RecordBrowse */ = {
			isa = PBXGroup;
			children = (
				3AE2D7432AAEA94300052A0B /* RecordBrowseViewController.swift */,
				3AE2D7402AAEA92100052A0B /* Views */,
			);
			path = RecordBrowse;
			sourceTree = "<group>";
		};
		3AE2D7402AAEA92100052A0B /* Views */ = {
			isa = PBXGroup;
			children = (
				3AE2D7452AAEAB1900052A0B /* RecordBrowseOuterTitleDefaultView.swift */,
				3AE2D74B2AAEB20800052A0B /* RecordBrowseInnerTitleDefaultView.swift */,
				3AE2D7472AAEABDF00052A0B /* TodaysMoodView.swift */,
				3AE2D7492AAEADE800052A0B /* NowPlayingView.swift */,
				3AE2D74D2AAEB3A400052A0B /* TicketDecorationView.swift */,
				3AE2D74F2AAEB45500052A0B /* FromYesterdayView.swift */,
				3AE2D7512AAEB5CA00052A0B /* DiaryView.swift */,
				3AE2D7532AAEB7B800052A0B /* ToTomorrowView.swift */,
				3AE2D7552AAEE2EA00052A0B /* DottedLineView.swift */,
			);
			path = Views;
			sourceTree = "<group>";
		};
		3AF9C05D2A7CF06F00A5A036 /* Record */ = {
			isa = PBXGroup;
			children = (
				3A147B322A84EA130078050A /* WeekdayVisiblityViewModel.swift */,
				3A93224B2AA8794100C106DF /* DailyRecordViewModel.swift */,
				3AF9C0602A7CF09200A5A036 /* RecordViewController.swift */,
				3AE2D73B2AA9E88700052A0B /* CalendarViewController.swift */,
				3AF9C06D2A7D0B5E00A5A036 /* Views */,
			);
			path = Record;
			sourceTree = "<group>";
		};
		3AF9C06D2A7D0B5E00A5A036 /* Views */ = {
			isa = PBXGroup;
			children = (
				3AF9C0702A7D0FD900A5A036 /* ATTCardView.swift */,
				3AF9C0552A7CE3F500A5A036 /* RecordExistCardView.swift */,
				3AF9C06E2A7D0BB900A5A036 /* RecordNonExistCardView.swift */,
				3AF9C05B2A7CEBCC00A5A036 /* ATTCardInfoView.swift */,
				3AF9C0572A7CE5F500A5A036 /* TitleDescriptionView.swift */,
				3AF9C0742A7E7C8F00A5A036 /* CardCollectionViewFlowLayout.swift */,
				3A9321DF2A8C9C5000C106DF /* WeekdayCollectionViewFlowLayout.swift */,
			);
			path = Views;
			sourceTree = "<group>";
		};
		3F75EF8D2AAB389000E9FEEB /* AddRecord */ = {
			isa = PBXGroup;
			children = (
				3A3441192AB9B5FE009B554A /* RecordCreationViewModel.swift */,
				3A34410F2AB9B289009B554A /* MusicSearch */,
				3F75EF942AAB39CE00E9FEEB /* AddColorViewController.swift */,
				3F75EF962AAB39EC00E9FEEB /* AddRhythmViewController.swift */,
				3F75EF8F2AAB38DB00E9FEEB /* AddRecordsViewController.swift */,
				3F75EF912AAB391600E9FEEB /* AddWordsViewController.swift */,
				3F6984BE2AB79A7100E0892D /* AddRecordFinishViewController.swift */,
				3F75EF8E2AAB38A200E9FEEB /* View */,
			);
			path = AddRecord;
			sourceTree = "<group>";
		};
		3F75EF8E2AAB38A200E9FEEB /* View */ = {
			isa = PBXGroup;
			children = (
				3F75EF982AAB3A1200E9FEEB /* NextButton.swift */,
				3F75EF9A2AAB3A3E00E9FEEB /* AddRecordTextView.swift */,
				3F95401D2AAF11E500FE75E7 /* CircularSlider.swift */,
				3F6984B42AB5AAC900E0892D /* CircularSliderHandle.swift */,
				3F6984B82AB7631800E0892D /* CircularTrig.swift */,
				3F6984BA2AB7634B00E0892D /* GradientCircularSlider.swift */,
			);
			path = View;
			sourceTree = "<group>";
		};
/* End PBXGroup section */

/* Begin PBXNativeTarget section */
		3A2202952A5AB7DA009DB223 /* Att */ = {
			isa = PBXNativeTarget;
			buildConfigurationList = 3A2202AD2A5AB7DB009DB223 /* Build configuration list for PBXNativeTarget "Att" */;
			buildPhases = (
				3AECF7532A6521D50086C5F2 /* SwiftLint Script */,
				3A2202922A5AB7DA009DB223 /* Sources */,
				3A2202932A5AB7DA009DB223 /* Frameworks */,
				3A2202942A5AB7DA009DB223 /* Resources */,
			);
			buildRules = (
			);
			dependencies = (
			);
			name = Att;
			packageProductDependencies = (
				3AC996732A5AE22700030AAD /* CombineCocoa */,
				3AC996762A5AE23500030AAD /* SnapKit */,
				3A34410A2AB9AD3E009B554A /* MusadoraKit */,
			);
			productName = Att;
			productReference = 3A2202962A5AB7DA009DB223 /* Att.app */;
			productType = "com.apple.product-type.application";
		};
/* End PBXNativeTarget section */

/* Begin PBXProject section */
		3A22028E2A5AB7DA009DB223 /* Project object */ = {
			isa = PBXProject;
			attributes = {
				BuildIndependentTargetsInParallel = 1;
				LastSwiftUpdateCheck = 1430;
				LastUpgradeCheck = 1430;
				TargetAttributes = {
					3A2202952A5AB7DA009DB223 = {
						CreatedOnToolsVersion = 14.3;
					};
				};
			};
			buildConfigurationList = 3A2202912A5AB7DA009DB223 /* Build configuration list for PBXProject "Att" */;
			compatibilityVersion = "Xcode 14.0";
			developmentRegion = en;
			hasScannedForEncodings = 0;
			knownRegions = (
				en,
				Base,
			);
			mainGroup = 3A22028D2A5AB7DA009DB223;
			packageReferences = (
				3AC996722A5AE22700030AAD /* XCRemoteSwiftPackageReference "CombineCocoa" */,
				3AC996752A5AE23500030AAD /* XCRemoteSwiftPackageReference "SnapKit" */,
				3A3441092AB9AD3E009B554A /* XCRemoteSwiftPackageReference "MusadoraKit" */,
			);
			productRefGroup = 3A2202972A5AB7DA009DB223 /* Products */;
			projectDirPath = "";
			projectRoot = "";
			targets = (
				3A2202952A5AB7DA009DB223 /* Att */,
			);
		};
/* End PBXProject section */

/* Begin PBXResourcesBuildPhase section */
		3A2202942A5AB7DA009DB223 /* Resources */ = {
			isa = PBXResourcesBuildPhase;
			buildActionMask = 2147483647;
			files = (
				3AECF7552A65225D0086C5F2 /* .swiftlint.yml in Resources */,
				3A8E64C82A6526E3006E1E1E /* Pretendard-Regular.otf in Resources */,
				3A8E64CA2A6527BD006E1E1E /* WixMadeforDisplay-Bold.ttf in Resources */,
				3A2202A92A5AB7DB009DB223 /* LaunchScreen.storyboard in Resources */,
				3A2202A62A5AB7DB009DB223 /* Assets.xcassets in Resources */,
			);
			runOnlyForDeploymentPostprocessing = 0;
		};
/* End PBXResourcesBuildPhase section */

/* Begin PBXShellScriptBuildPhase section */
		3AECF7532A6521D50086C5F2 /* SwiftLint Script */ = {
			isa = PBXShellScriptBuildPhase;
			buildActionMask = 2147483647;
			files = (
			);
			inputFileListPaths = (
			);
			inputPaths = (
			);
			name = "SwiftLint Script";
			outputFileListPaths = (
			);
			outputPaths = (
			);
			runOnlyForDeploymentPostprocessing = 0;
			shellPath = /bin/sh;
			shellScript = "if [[ \"$(uname -m)\" == arm64 ]]; then\n    export PATH=\"/opt/homebrew/bin:$PATH\"\nfi\n\nif which swiftlint > /dev/null; then\n  swiftlint\nelse\n  echo \"warning: SwiftLint not installed, download from https://github.com/realm/SwiftLint\"\nfi\n";
		};
/* End PBXShellScriptBuildPhase section */

/* Begin PBXSourcesBuildPhase section */
		3A2202922A5AB7DA009DB223 /* Sources */ = {
			isa = PBXSourcesBuildPhase;
			buildActionMask = 2147483647;
			files = (
				3A9322432AA73C4300C106DF /* MainPageViewController.swift in Sources */,
				3AF9C0632A7CF74500A5A036 /* Date+.swift in Sources */,
				3AF9C0562A7CE3F500A5A036 /* RecordExistCardView.swift in Sources */,
				3A9322402AA70F5A00C106DF /* AnnualAnalysisView.swift in Sources */,
				3A9322382AA70ACA00C106DF /* MonthCollectionViewCell.swift in Sources */,
				3F6984BB2AB7634B00E0892D /* GradientCircularSlider.swift in Sources */,
				3F75EF992AAB3A1200E9FEEB /* NextButton.swift in Sources */,
				3A5D0BE42A62B9AF00064DCB /* UIFont+.swift in Sources */,
				3A93222E2AA60BA900C106DF /* MonthlyMoodCollectionViewFlowLayout.swift in Sources */,
				3A93224C2AA8794100C106DF /* DailyRecordViewModel.swift in Sources */,
				3A5D0BE62A62B9B800064DCB /* UIColor+.swift in Sources */,
				3A34411A2AB9B5FE009B554A /* RecordCreationViewModel.swift in Sources */,
				3F6984BF2AB79A7100E0892D /* AddRecordFinishViewController.swift in Sources */,
				3F75EF9B2AAB3A3E00E9FEEB /* AddRecordTextView.swift in Sources */,
				3A93221E2AA5DAD300C106DF /* TextContentView.swift in Sources */,
				3AE2D7582AAF55CD00052A0B /* Mood.swift in Sources */,
				3A8D8B412ABB0E8200D7A61A /* UIViewController+.swift in Sources */,
				3AE2D74C2AAEB20800052A0B /* RecordBrowseInnerTitleDefaultView.swift in Sources */,
				3A34410E2AB9ADC7009B554A /* MusicManager.swift in Sources */,
				3AE2D74E2AAEB3A400052A0B /* TicketDecorationView.swift in Sources */,
				3AE2D7502AAEB45500052A0B /* FromYesterdayView.swift in Sources */,
				3AE2D74A2AAEADE800052A0B /* NowPlayingView.swift in Sources */,
				3AF9C06F2A7D0BB900A5A036 /* RecordNonExistCardView.swift in Sources */,
				3AE2D7542AAEB7B800052A0B /* ToTomorrowView.swift in Sources */,
				3AE2D7562AAEE2EA00052A0B /* DottedLineView.swift in Sources */,
				3AF9C0612A7CF09200A5A036 /* RecordViewController.swift in Sources */,
				3A985A7E2AB5A808003FBD3A /* UIImage+.swift in Sources */,
				3AF9C0652A7CFA9100A5A036 /* ATTWeekdayCollectionViewCell.swift in Sources */,
				3F95401E2AAF11E500FE75E7 /* CircularSlider.swift in Sources */,
				3A9321E32A8CA0BB00C106DF /* ATTSegmentedControl.swift in Sources */,
				3A5D0BE22A61553100064DCB /* TestViewModel.swift in Sources */,
				3A3441112AB9B365009B554A /* MusicSearchViewController.swift in Sources */,
				3F6984B52AB5AAC900E0892D /* CircularSliderHandle.swift in Sources */,
				3AF9C0692A7CFE4300A5A036 /* ATTFromYesterdayView.swift in Sources */,
				3AF9C0732A7D3F2B00A5A036 /* RecordCardCollectionViewCell.swift in Sources */,
				3A22029E2A5AB7DA009DB223 /* ViewController.swift in Sources */,
				3A9322262AA5F14C00C106DF /* MonthlyMoodContentView.swift in Sources */,
				3AE2D7442AAEA94300052A0B /* RecordBrowseViewController.swift in Sources */,
				3AF9C0672A7CFDBC00A5A036 /* CardInfoType.swift in Sources */,
				3AE2D7522AAEB5CA00052A0B /* DiaryView.swift in Sources */,
				3A9322342AA7072C00C106DF /* AnalysisListViewController.swift in Sources */,
				3F75EF972AAB39EC00E9FEEB /* AddRhythmViewController.swift in Sources */,
				3A9322242AA5E69500C106DF /* MonthlyAnalysisViewController.swift in Sources */,
				3A93223C2AA70DD700C106DF /* MonthListView.swift in Sources */,
				3A8D8B432ABB17F300D7A61A /* UIView+.swift in Sources */,
				3AF9C06C2A7D0B0000A5A036 /* RecordStatus.swift in Sources */,
				3A9321DE2A8C9A0D00C106DF /* ComponentsSet.swift in Sources */,
				3AF9C0752A7E7C8F00A5A036 /* CardCollectionViewFlowLayout.swift in Sources */,
				3A3441232AB9BD74009B554A /* DailyRecord+CoreDataClass.swift in Sources */,
				3A2202A42A5AB7DA009DB223 /* Att.xcdatamodeld in Sources */,
				3A9322282AA5F16900C106DF /* MoodSummaryContentView.swift in Sources */,
				3A985A7C2AB5A6DB003FBD3A /* DateRelation.swift in Sources */,
				3AF9C0582A7CE5F500A5A036 /* TitleDescriptionView.swift in Sources */,
				3AE2D75C2AAF590500052A0B /* DailyRecord.swift in Sources */,
				3A985A672AB47D5F003FBD3A /* CoreDataManager.swift in Sources */,
				3AE2D75A2AAF588300052A0B /* MusicInfo.swift in Sources */,
				3A3441242AB9BD74009B554A /* DailyRecord+CoreDataProperties.swift in Sources */,
				3AE2D7482AAEABDF00052A0B /* TodaysMoodView.swift in Sources */,
				3A9322482AA7532900C106DF /* YearSelectorView.swift in Sources */,
				3AE2D7462AAEAB1900052A0B /* RecordBrowseOuterTitleDefaultView.swift in Sources */,
				3AF9C05C2A7CEBCC00A5A036 /* ATTCardInfoView.swift in Sources */,
				3F75EF952AAB39CE00E9FEEB /* AddColorViewController.swift in Sources */,
				3AF9C0712A7D0FD900A5A036 /* ATTCardView.swift in Sources */,
				3A93221C2AA5D82900C106DF /* AnalysisDefaultView.swift in Sources */,
				3A5D0BE02A61542800064DCB /* Constraints.swift in Sources */,
				3A3441132AB9B3AF009B554A /* MusicSearchResultViewController.swift in Sources */,
				3F75EF902AAB38DB00E9FEEB /* AddRecordsViewController.swift in Sources */,
				3A9322302AA60DCB00C106DF /* MonthlyMoodCollectionViewCell.swift in Sources */,
				3AE2D73C2AA9E88700052A0B /* CalendarViewController.swift in Sources */,
				3A9322362AA707EA00C106DF /* MonthCollectionViewFlowLayout.swift in Sources */,
				3F75EF922AAB391600E9FEEB /* AddWordsViewController.swift in Sources */,
				3A22029A2A5AB7DA009DB223 /* AppDelegate.swift in Sources */,
				3A9322202AA5DCDB00C106DF /* MusicContentView.swift in Sources */,
				3A22029C2A5AB7DA009DB223 /* SceneDelegate.swift in Sources */,
				3A3441182AB9B3FE009B554A /* MusicAuthorizationManager.swift in Sources */,
				3A147B332A84EA130078050A /* WeekdayVisiblityViewModel.swift in Sources */,
				3A3441152AB9B3CC009B554A /* MusicInfoTableViewCell.swift in Sources */,
				3F6984B92AB7631800E0892D /* CircularTrig.swift in Sources */,
				3A93222A2AA5F5F600C106DF /* MostUsedWordContentView.swift in Sources */,
				3A9321E02A8C9C5000C106DF /* WeekdayCollectionViewFlowLayout.swift in Sources */,
			);
			runOnlyForDeploymentPostprocessing = 0;
		};
/* End PBXSourcesBuildPhase section */

/* Begin PBXVariantGroup section */
		3A2202A72A5AB7DB009DB223 /* LaunchScreen.storyboard */ = {
			isa = PBXVariantGroup;
			children = (
				3A2202A82A5AB7DB009DB223 /* Base */,
			);
			name = LaunchScreen.storyboard;
			sourceTree = "<group>";
		};
/* End PBXVariantGroup section */

/* Begin XCBuildConfiguration section */
		3A2202AB2A5AB7DB009DB223 /* Debug */ = {
			isa = XCBuildConfiguration;
			buildSettings = {
				ALWAYS_SEARCH_USER_PATHS = NO;
				CLANG_ANALYZER_NONNULL = YES;
				CLANG_ANALYZER_NUMBER_OBJECT_CONVERSION = YES_AGGRESSIVE;
				CLANG_CXX_LANGUAGE_STANDARD = "gnu++20";
				CLANG_ENABLE_MODULES = YES;
				CLANG_ENABLE_OBJC_ARC = YES;
				CLANG_ENABLE_OBJC_WEAK = YES;
				CLANG_WARN_BLOCK_CAPTURE_AUTORELEASING = YES;
				CLANG_WARN_BOOL_CONVERSION = YES;
				CLANG_WARN_COMMA = YES;
				CLANG_WARN_CONSTANT_CONVERSION = YES;
				CLANG_WARN_DEPRECATED_OBJC_IMPLEMENTATIONS = YES;
				CLANG_WARN_DIRECT_OBJC_ISA_USAGE = YES_ERROR;
				CLANG_WARN_DOCUMENTATION_COMMENTS = YES;
				CLANG_WARN_EMPTY_BODY = YES;
				CLANG_WARN_ENUM_CONVERSION = YES;
				CLANG_WARN_INFINITE_RECURSION = YES;
				CLANG_WARN_INT_CONVERSION = YES;
				CLANG_WARN_NON_LITERAL_NULL_CONVERSION = YES;
				CLANG_WARN_OBJC_IMPLICIT_RETAIN_SELF = YES;
				CLANG_WARN_OBJC_LITERAL_CONVERSION = YES;
				CLANG_WARN_OBJC_ROOT_CLASS = YES_ERROR;
				CLANG_WARN_QUOTED_INCLUDE_IN_FRAMEWORK_HEADER = YES;
				CLANG_WARN_RANGE_LOOP_ANALYSIS = YES;
				CLANG_WARN_STRICT_PROTOTYPES = YES;
				CLANG_WARN_SUSPICIOUS_MOVE = YES;
				CLANG_WARN_UNGUARDED_AVAILABILITY = YES_AGGRESSIVE;
				CLANG_WARN_UNREACHABLE_CODE = YES;
				CLANG_WARN__DUPLICATE_METHOD_MATCH = YES;
				COPY_PHASE_STRIP = NO;
				DEBUG_INFORMATION_FORMAT = dwarf;
				ENABLE_STRICT_OBJC_MSGSEND = YES;
				ENABLE_TESTABILITY = YES;
				GCC_C_LANGUAGE_STANDARD = gnu11;
				GCC_DYNAMIC_NO_PIC = NO;
				GCC_NO_COMMON_BLOCKS = YES;
				GCC_OPTIMIZATION_LEVEL = 0;
				GCC_PREPROCESSOR_DEFINITIONS = (
					"DEBUG=1",
					"$(inherited)",
				);
				GCC_WARN_64_TO_32_BIT_CONVERSION = YES;
				GCC_WARN_ABOUT_RETURN_TYPE = YES_ERROR;
				GCC_WARN_UNDECLARED_SELECTOR = YES;
				GCC_WARN_UNINITIALIZED_AUTOS = YES_AGGRESSIVE;
				GCC_WARN_UNUSED_FUNCTION = YES;
				GCC_WARN_UNUSED_VARIABLE = YES;
				IPHONEOS_DEPLOYMENT_TARGET = 16.4;
				MTL_ENABLE_DEBUG_INFO = INCLUDE_SOURCE;
				MTL_FAST_MATH = YES;
				ONLY_ACTIVE_ARCH = YES;
				SDKROOT = iphoneos;
				SWIFT_ACTIVE_COMPILATION_CONDITIONS = DEBUG;
				SWIFT_OPTIMIZATION_LEVEL = "-Onone";
			};
			name = Debug;
		};
		3A2202AC2A5AB7DB009DB223 /* Release */ = {
			isa = XCBuildConfiguration;
			buildSettings = {
				ALWAYS_SEARCH_USER_PATHS = NO;
				CLANG_ANALYZER_NONNULL = YES;
				CLANG_ANALYZER_NUMBER_OBJECT_CONVERSION = YES_AGGRESSIVE;
				CLANG_CXX_LANGUAGE_STANDARD = "gnu++20";
				CLANG_ENABLE_MODULES = YES;
				CLANG_ENABLE_OBJC_ARC = YES;
				CLANG_ENABLE_OBJC_WEAK = YES;
				CLANG_WARN_BLOCK_CAPTURE_AUTORELEASING = YES;
				CLANG_WARN_BOOL_CONVERSION = YES;
				CLANG_WARN_COMMA = YES;
				CLANG_WARN_CONSTANT_CONVERSION = YES;
				CLANG_WARN_DEPRECATED_OBJC_IMPLEMENTATIONS = YES;
				CLANG_WARN_DIRECT_OBJC_ISA_USAGE = YES_ERROR;
				CLANG_WARN_DOCUMENTATION_COMMENTS = YES;
				CLANG_WARN_EMPTY_BODY = YES;
				CLANG_WARN_ENUM_CONVERSION = YES;
				CLANG_WARN_INFINITE_RECURSION = YES;
				CLANG_WARN_INT_CONVERSION = YES;
				CLANG_WARN_NON_LITERAL_NULL_CONVERSION = YES;
				CLANG_WARN_OBJC_IMPLICIT_RETAIN_SELF = YES;
				CLANG_WARN_OBJC_LITERAL_CONVERSION = YES;
				CLANG_WARN_OBJC_ROOT_CLASS = YES_ERROR;
				CLANG_WARN_QUOTED_INCLUDE_IN_FRAMEWORK_HEADER = YES;
				CLANG_WARN_RANGE_LOOP_ANALYSIS = YES;
				CLANG_WARN_STRICT_PROTOTYPES = YES;
				CLANG_WARN_SUSPICIOUS_MOVE = YES;
				CLANG_WARN_UNGUARDED_AVAILABILITY = YES_AGGRESSIVE;
				CLANG_WARN_UNREACHABLE_CODE = YES;
				CLANG_WARN__DUPLICATE_METHOD_MATCH = YES;
				COPY_PHASE_STRIP = NO;
				DEBUG_INFORMATION_FORMAT = "dwarf-with-dsym";
				ENABLE_NS_ASSERTIONS = NO;
				ENABLE_STRICT_OBJC_MSGSEND = YES;
				GCC_C_LANGUAGE_STANDARD = gnu11;
				GCC_NO_COMMON_BLOCKS = YES;
				GCC_WARN_64_TO_32_BIT_CONVERSION = YES;
				GCC_WARN_ABOUT_RETURN_TYPE = YES_ERROR;
				GCC_WARN_UNDECLARED_SELECTOR = YES;
				GCC_WARN_UNINITIALIZED_AUTOS = YES_AGGRESSIVE;
				GCC_WARN_UNUSED_FUNCTION = YES;
				GCC_WARN_UNUSED_VARIABLE = YES;
				IPHONEOS_DEPLOYMENT_TARGET = 16.4;
				MTL_ENABLE_DEBUG_INFO = NO;
				MTL_FAST_MATH = YES;
				SDKROOT = iphoneos;
				SWIFT_COMPILATION_MODE = wholemodule;
				SWIFT_OPTIMIZATION_LEVEL = "-O";
				VALIDATE_PRODUCT = YES;
			};
			name = Release;
		};
		3A2202AE2A5AB7DB009DB223 /* Debug */ = {
			isa = XCBuildConfiguration;
			buildSettings = {
				ASSETCATALOG_COMPILER_APPICON_NAME = AppIcon;
				ASSETCATALOG_COMPILER_GLOBAL_ACCENT_COLOR_NAME = AccentColor;
				CODE_SIGN_IDENTITY = "Apple Development";
				"CODE_SIGN_IDENTITY[sdk=iphoneos*]" = "iPhone Developer";
				CODE_SIGN_STYLE = Manual;
				CURRENT_PROJECT_VERSION = 1;
				DEVELOPMENT_TEAM = "";
				"DEVELOPMENT_TEAM[sdk=iphoneos*]" = UAM52RQFW9;
				GENERATE_INFOPLIST_FILE = YES;
				INFOPLIST_FILE = Att/Info.plist;
				INFOPLIST_KEY_NSAppleMusicUsageDescription = "\"Music Library Access!\"";
				INFOPLIST_KEY_UIApplicationSupportsIndirectInputEvents = YES;
				INFOPLIST_KEY_UILaunchStoryboardName = LaunchScreen;
				INFOPLIST_KEY_UISupportedInterfaceOrientations_iPad = UIInterfaceOrientationPortrait;
				INFOPLIST_KEY_UISupportedInterfaceOrientations_iPhone = UIInterfaceOrientationPortrait;
				INFOPLIST_KEY_UIUserInterfaceStyle = Dark;
				IPHONEOS_DEPLOYMENT_TARGET = 16.0;
				LD_RUNPATH_SEARCH_PATHS = (
					"$(inherited)",
					"@executable_path/Frameworks",
				);
				MARKETING_VERSION = 1.0;
				PRODUCT_BUNDLE_IDENTIFIER = com.annotator.att;
				PRODUCT_NAME = "$(TARGET_NAME)";
				PROVISIONING_PROFILE_SPECIFIER = "";
				"PROVISIONING_PROFILE_SPECIFIER[sdk=iphoneos*]" = "Att iOS App Development";
				SWIFT_EMIT_LOC_STRINGS = YES;
				SWIFT_VERSION = 5.0;
				TARGETED_DEVICE_FAMILY = "1,2";
			};
			name = Debug;
		};
		3A2202AF2A5AB7DB009DB223 /* Release */ = {
			isa = XCBuildConfiguration;
			buildSettings = {
				ASSETCATALOG_COMPILER_APPICON_NAME = AppIcon;
				ASSETCATALOG_COMPILER_GLOBAL_ACCENT_COLOR_NAME = AccentColor;
				CODE_SIGN_IDENTITY = "Apple Development";
				"CODE_SIGN_IDENTITY[sdk=iphoneos*]" = "iPhone Developer";
				CODE_SIGN_STYLE = Manual;
				CURRENT_PROJECT_VERSION = 1;
				DEVELOPMENT_TEAM = "";
				"DEVELOPMENT_TEAM[sdk=iphoneos*]" = UAM52RQFW9;
				GENERATE_INFOPLIST_FILE = YES;
				INFOPLIST_FILE = Att/Info.plist;
				INFOPLIST_KEY_NSAppleMusicUsageDescription = "\"Music Library Access!\"";
				INFOPLIST_KEY_UIApplicationSupportsIndirectInputEvents = YES;
				INFOPLIST_KEY_UILaunchStoryboardName = LaunchScreen;
				INFOPLIST_KEY_UISupportedInterfaceOrientations_iPad = UIInterfaceOrientationPortrait;
				INFOPLIST_KEY_UISupportedInterfaceOrientations_iPhone = UIInterfaceOrientationPortrait;
				INFOPLIST_KEY_UIUserInterfaceStyle = Dark;
				IPHONEOS_DEPLOYMENT_TARGET = 16.0;
				LD_RUNPATH_SEARCH_PATHS = (
					"$(inherited)",
					"@executable_path/Frameworks",
				);
				MARKETING_VERSION = 1.0;
				PRODUCT_BUNDLE_IDENTIFIER = com.annotator.att;
				PRODUCT_NAME = "$(TARGET_NAME)";
				PROVISIONING_PROFILE_SPECIFIER = "";
				"PROVISIONING_PROFILE_SPECIFIER[sdk=iphoneos*]" = "Att iOS App Development";
				SWIFT_EMIT_LOC_STRINGS = YES;
				SWIFT_VERSION = 5.0;
				TARGETED_DEVICE_FAMILY = "1,2";
			};
			name = Release;
		};
/* End XCBuildConfiguration section */

/* Begin XCConfigurationList section */
		3A2202912A5AB7DA009DB223 /* Build configuration list for PBXProject "Att" */ = {
			isa = XCConfigurationList;
			buildConfigurations = (
				3A2202AB2A5AB7DB009DB223 /* Debug */,
				3A2202AC2A5AB7DB009DB223 /* Release */,
			);
			defaultConfigurationIsVisible = 0;
			defaultConfigurationName = Release;
		};
		3A2202AD2A5AB7DB009DB223 /* Build configuration list for PBXNativeTarget "Att" */ = {
			isa = XCConfigurationList;
			buildConfigurations = (
				3A2202AE2A5AB7DB009DB223 /* Debug */,
				3A2202AF2A5AB7DB009DB223 /* Release */,
			);
			defaultConfigurationIsVisible = 0;
			defaultConfigurationName = Release;
		};
/* End XCConfigurationList section */

/* Begin XCRemoteSwiftPackageReference section */
		3A3441092AB9AD3E009B554A /* XCRemoteSwiftPackageReference "MusadoraKit" */ = {
			isa = XCRemoteSwiftPackageReference;
			repositoryURL = "https://github.com/rryam/MusadoraKit.git";
			requirement = {
				branch = main;
				kind = branch;
			};
		};
		3AC996722A5AE22700030AAD /* XCRemoteSwiftPackageReference "CombineCocoa" */ = {
			isa = XCRemoteSwiftPackageReference;
			repositoryURL = "https://github.com/CombineCommunity/CombineCocoa";
			requirement = {
				kind = upToNextMajorVersion;
				minimumVersion = 0.4.1;
			};
		};
		3AC996752A5AE23500030AAD /* XCRemoteSwiftPackageReference "SnapKit" */ = {
			isa = XCRemoteSwiftPackageReference;
			repositoryURL = "https://github.com/SnapKit/SnapKit";
			requirement = {
				kind = upToNextMajorVersion;
				minimumVersion = 5.0.0;
			};
		};
/* End XCRemoteSwiftPackageReference section */

/* Begin XCSwiftPackageProductDependency section */
		3A34410A2AB9AD3E009B554A /* MusadoraKit */ = {
			isa = XCSwiftPackageProductDependency;
			package = 3A3441092AB9AD3E009B554A /* XCRemoteSwiftPackageReference "MusadoraKit" */;
			productName = MusadoraKit;
		};
		3AC996732A5AE22700030AAD /* CombineCocoa */ = {
			isa = XCSwiftPackageProductDependency;
			package = 3AC996722A5AE22700030AAD /* XCRemoteSwiftPackageReference "CombineCocoa" */;
			productName = CombineCocoa;
		};
		3AC996762A5AE23500030AAD /* SnapKit */ = {
			isa = XCSwiftPackageProductDependency;
			package = 3AC996752A5AE23500030AAD /* XCRemoteSwiftPackageReference "SnapKit" */;
			productName = SnapKit;
		};
/* End XCSwiftPackageProductDependency section */

/* Begin XCVersionGroup section */
		3A2202A22A5AB7DA009DB223 /* Att.xcdatamodeld */ = {
			isa = XCVersionGroup;
			children = (
				3A2202A32A5AB7DA009DB223 /* Att.xcdatamodel */,
			);
			currentVersion = 3A2202A32A5AB7DA009DB223 /* Att.xcdatamodel */;
			path = Att.xcdatamodeld;
			sourceTree = "<group>";
			versionGroupType = wrapper.xcdatamodel;
		};
/* End XCVersionGroup section */
	};
	rootObject = 3A22028E2A5AB7DA009DB223 /* Project object */;
}
